
Microsoft Visual Studio Solution File, Format Version 12.00
# Visual Studio Version 17
VisualStudioVersion = 17.1.32328.378
MinimumVisualStudioVersion = 10.0.40219.1
Project("{9A19103F-16F7-4668-BE54-9A1E7A4F7556}") = "HelloWorld.API", "HelloWorld.API\HelloWorld.API.csproj", "{E4ACFAA5-1530-4282-A141-1636014B0A8F}"
EndProject
Global
	GlobalSection(SolutionConfigurationPlatforms) = preSolution
		Debug|Any CPU = Debug|Any CPU
		Release|Any CPU = Release|Any CPU
	EndGlobalSection
	GlobalSection(ProjectConfigurationPlatforms) = postSolution
		{E4ACFAA5-1530-4282-A141-1636014B0A8F}.Debug|Any CPU.ActiveCfg = Debug|Any CPU
		{E4ACFAA5-1530-4282-A141-1636014B0A8F}.Debug|Any CPU.Build.0 = Debug|Any CPU
		{E4ACFAA5-1530-4282-A141-1636014B0A8F}.Release|Any CPU.ActiveCfg = Release|Any CPU
		{E4ACFAA5-1530-4282-A141-1636014B0A8F}.Release|Any CPU.Build.0 = Release|Any CPU
	EndGlobalSection
	GlobalSection(SolutionProperties) = preSolution
		HideSolutionNode = FALSE
	EndGlobalSection
	GlobalSection(ExtensibilityGlobals) = postSolution
		SolutionGuid = {1E57DB20-5590-43AA-9939-D3C6E1C74105}
	EndGlobalSection
EndGlobal
